PODS:
  - Cosmos (15.0.0)
  - Extra/UIKit (1.1.1)
  - Jelly (1.2.4)
  - StarsKit (0.1.0):
    - Cosmos (~> 15.0)
    - Extra/UIKit (~> 1.1)
    - Jelly (~> 1.2)
  - SwiftDate (4.5.1)
  - SwiftLint (0.25.0)

DEPENDENCIES:
  - StarsKit (from `../`)
  - SwiftDate (~> 4.5.1)
  - SwiftLint

EXTERNAL SOURCES:
  StarsKit:
    :path: ../

SPEC CHECKSUMS:
  Cosmos: a6dbd3d0baa0cc8f51f8598f7508d5a09d0a9ade
  Extra: 7c4e5aff4904ecdadc615f63d4c2f0c20910c028
  Jelly: 70e542dd201460211f0f20042bc2c2d31ae239a1
  StarsKit: 680f59fd2932ed11666e179d84f8a69418cb7db6
  SwiftDate: 7b56d42a221f582047287deb256b23fc5ed49a60
  SwiftLint: e14651157288e9e01d6e1a71db7014fb5744a8ea

PODFILE CHECKSUM: 42f5aef8c1df59077a4451e03c8a5dbf3bf605a2

COCOAPODS: 1.4.0
