// !$*UTF8*$!
{
	archiveVersion = 1;
	classes = {
	};
	objectVersion = 46;
	objects = {

/* Begin PBXBuildFile section */
		0E8CCB42337A3938097E6250 /* Pods_StarsKitAbstract_StarsKit_ExampleUITests.framework in Frameworks */ = {isa = PBXBuildFile; fileRef = 1436CC997A251EB5CEF076DE /* Pods_StarsKitAbstract_StarsKit_ExampleUITests.framework */; };
		4402EF10203E1E39004E82AE /* Localizable.strings in Resources */ = {isa = PBXBuildFile; fileRef = 4402EF0E203E1E39004E82AE /* Localizable.strings */; };
		4421E1F6203D8ECB004F058F /* UIImage+StarsKit.swift in Sources */ = {isa = PBXBuildFile; fileRef = 4421E1F5203D8ECB004F058F /* UIImage+StarsKit.swift */; };
		442A9027203C75EB00512A74 /* LaunchScreen.storyboard in Resources */ = {isa = PBXBuildFile; fileRef = 442A9026203C75EB00512A74 /* LaunchScreen.storyboard */; };
		442A9029203C76B900512A74 /* config.json in Resources */ = {isa = PBXBuildFile; fileRef = 442A9028203C76B900512A74 /* config.json */; };
		44CBCADD203EBD050045F777 /* StarsKitCheckerTests.swift in Sources */ = {isa = PBXBuildFile; fileRef = 44CBCADC203EBD050045F777 /* StarsKitCheckerTests.swift */; };
		44CBCAE6203EBE010045F777 /* StubsReader.swift in Sources */ = {isa = PBXBuildFile; fileRef = 44CBCAE5203EBE010045F777 /* StubsReader.swift */; };
		44CBCAE9203EBE160045F777 /* ConfigurationDisable.json in Resources */ = {isa = PBXBuildFile; fileRef = 44CBCAE8203EBE160045F777 /* ConfigurationDisable.json */; };
		44CBCAEB203EC1480045F777 /* DefaultConfiguration.json in Resources */ = {isa = PBXBuildFile; fileRef = 44CBCAEA203EC1480045F777 /* DefaultConfiguration.json */; };
		44CBCAF3203ED4110045F777 /* StarsKit_ExampleUITests.swift in Sources */ = {isa = PBXBuildFile; fileRef = 44CBCAF2203ED4110045F777 /* StarsKit_ExampleUITests.swift */; };
		5F5D6FDE5B63DFF92C096955 /* Pods_StarsKitAbstract_StarsKit_Example.framework in Frameworks */ = {isa = PBXBuildFile; fileRef = B18033F3757FD75A6915F0E3 /* Pods_StarsKitAbstract_StarsKit_Example.framework */; };
		607FACD61AFB9204008FA782 /* AppDelegate.swift in Sources */ = {isa = PBXBuildFile; fileRef = 607FACD51AFB9204008FA782 /* AppDelegate.swift */; };
		607FACD81AFB9204008FA782 /* ViewController.swift in Sources */ = {isa = PBXBuildFile; fileRef = 607FACD71AFB9204008FA782 /* ViewController.swift */; };
		607FACDB1AFB9204008FA782 /* Main.storyboard in Resources */ = {isa = PBXBuildFile; fileRef = 607FACD91AFB9204008FA782 /* Main.storyboard */; };
		607FACDD1AFB9204008FA782 /* Images.xcassets in Resources */ = {isa = PBXBuildFile; fileRef = 607FACDC1AFB9204008FA782 /* Images.xcassets */; };
		CAA1F5F21459A5EAFAB2C65E /* Pods_StarsKitAbstract_StarsKit_ExampleTests.framework in Frameworks */ = {isa = PBXBuildFile; fileRef = 3FC9EE6816F8688BB05CE66C /* Pods_StarsKitAbstract_StarsKit_ExampleTests.framework */; };
/* End PBXBuildFile section */

/* Begin PBXContainerItemProxy section */
		44CBCAF5203ED4110045F777 /* PBXContainerItemProxy */ = {
			isa = PBXContainerItemProxy;
			containerPortal = 607FACC81AFB9204008FA782 /* Project object */;
			proxyType = 1;
			remoteGlobalIDString = 607FACCF1AFB9204008FA782;
			remoteInfo = StarsKit_Example;
		};
/* End PBXContainerItemProxy section */

/* Begin PBXFileReference section */
		01C52A637B4D435E246CB9BF /* Pods-StarsKit_Example.debug.xcconfig */ = {isa = PBXFileReference; includeInIndex = 1; lastKnownFileType = text.xcconfig; name = "Pods-StarsKit_Example.debug.xcconfig"; path = "Pods/Target Support Files/Pods-StarsKit_Example/Pods-StarsKit_Example.debug.xcconfig"; sourceTree = "<group>"; };
		053750C0D92FE3A6234ECBCD /* Pods-StarsKit_Example.release.xcconfig */ = {isa = PBXFileReference; includeInIndex = 1; lastKnownFileType = text.xcconfig; name = "Pods-StarsKit_Example.release.xcconfig"; path = "Pods/Target Support Files/Pods-StarsKit_Example/Pods-StarsKit_Example.release.xcconfig"; sourceTree = "<group>"; };
		0E99C04096DE554B6BD01760 /* README.md */ = {isa = PBXFileReference; includeInIndex = 1; lastKnownFileType = net.daringfireball.markdown; name = README.md; path = ../README.md; sourceTree = "<group>"; };
		1436CC997A251EB5CEF076DE /* Pods_StarsKitAbstract_StarsKit_ExampleUITests.framework */ = {isa = PBXFileReference; explicitFileType = wrapper.framework; includeInIndex = 0; path = Pods_StarsKitAbstract_StarsKit_ExampleUITests.framework; sourceTree = BUILT_PRODUCTS_DIR; };
		2AFB7B276C0CC1C9E2A8D6CB /* Pods-StarsKit_ExampleTests.debug.xcconfig */ = {isa = PBXFileReference; includeInIndex = 1; lastKnownFileType = text.xcconfig; name = "Pods-StarsKit_ExampleTests.debug.xcconfig"; path = "Pods/Target Support Files/Pods-StarsKit_ExampleTests/Pods-StarsKit_ExampleTests.debug.xcconfig"; sourceTree = "<group>"; };
		2D51679C39681124B4443E86 /* Pods_StarsKit_Tests.framework */ = {isa = PBXFileReference; explicitFileType = wrapper.framework; includeInIndex = 0; path = Pods_StarsKit_Tests.framework; sourceTree = BUILT_PRODUCTS_DIR; };
		34350EA4936D1050D44070C7 /* Pods_StarsKit_ExampleTests.framework */ = {isa = PBXFileReference; explicitFileType = wrapper.framework; includeInIndex = 0; path = Pods_StarsKit_ExampleTests.framework; sourceTree = BUILT_PRODUCTS_DIR; };
		3F6DDF5EF0209A1770D33D8F /* Pods-StarsKitAbstract-StarsKit_ExampleTests.release.xcconfig */ = {isa = PBXFileReference; includeInIndex = 1; lastKnownFileType = text.xcconfig; name = "Pods-StarsKitAbstract-StarsKit_ExampleTests.release.xcconfig"; path = "Pods/Target Support Files/Pods-StarsKitAbstract-StarsKit_ExampleTests/Pods-StarsKitAbstract-StarsKit_ExampleTests.release.xcconfig"; sourceTree = "<group>"; };
		3FC9EE6816F8688BB05CE66C /* Pods_StarsKitAbstract_StarsKit_ExampleTests.framework */ = {isa = PBXFileReference; explicitFileType = wrapper.framework; includeInIndex = 0; path = Pods_StarsKitAbstract_StarsKit_ExampleTests.framework; sourceTree = BUILT_PRODUCTS_DIR; };
		4402EF0D203DE876004E82AE /* fr */ = {isa = PBXFileReference; lastKnownFileType = text.plist.strings; name = fr; path = fr.lproj/Main.strings; sourceTree = "<group>"; };
		4402EF11203E1E42004E82AE /* en */ = {isa = PBXFileReference; lastKnownFileType = text.plist.strings; name = en; path = en.lproj/Localizable.strings; sourceTree = "<group>"; };
		4402EF12203E1E45004E82AE /* fr */ = {isa = PBXFileReference; lastKnownFileType = text.plist.strings; name = fr; path = fr.lproj/Localizable.strings; sourceTree = "<group>"; };
		4421E1F5203D8ECB004F058F /* UIImage+StarsKit.swift */ = {isa = PBXFileReference; fileEncoding = 4; lastKnownFileType = sourcecode.swift; path = "UIImage+StarsKit.swift"; sourceTree = "<group>"; };
		442A9026203C75EB00512A74 /* LaunchScreen.storyboard */ = {isa = PBXFileReference; lastKnownFileType = file.storyboard; path = LaunchScreen.storyboard; sourceTree = "<group>"; };
		442A9028203C76B900512A74 /* config.json */ = {isa = PBXFileReference; fileEncoding = 4; lastKnownFileType = text.json; path = config.json; sourceTree = "<group>"; };
		44CBCADA203EBD050045F777 /* StarsKit_ExampleTests.xctest */ = {isa = PBXFileReference; explicitFileType = wrapper.cfbundle; includeInIndex = 0; path = StarsKit_ExampleTests.xctest; sourceTree = BUILT_PRODUCTS_DIR; };
		44CBCADC203EBD050045F777 /* StarsKitCheckerTests.swift */ = {isa = PBXFileReference; lastKnownFileType = sourcecode.swift; path = StarsKitCheckerTests.swift; sourceTree = "<group>"; };
		44CBCADE203EBD050045F777 /* Info.plist */ = {isa = PBXFileReference; lastKnownFileType = text.plist.xml; path = Info.plist; sourceTree = "<group>"; };
		44CBCAE5203EBE010045F777 /* StubsReader.swift */ = {isa = PBXFileReference; lastKnownFileType = sourcecode.swift; path = StubsReader.swift; sourceTree = "<group>"; };
		44CBCAE8203EBE160045F777 /* ConfigurationDisable.json */ = {isa = PBXFileReference; fileEncoding = 4; lastKnownFileType = text.json; path = ConfigurationDisable.json; sourceTree = "<group>"; };
		44CBCAEA203EC1480045F777 /* DefaultConfiguration.json */ = {isa = PBXFileReference; fileEncoding = 4; lastKnownFileType = text.json; path = DefaultConfiguration.json; sourceTree = "<group>"; };
		44CBCAF0203ED4110045F777 /* StarsKit_ExampleUITests.xctest */ = {isa = PBXFileReference; explicitFileType = wrapper.cfbundle; includeInIndex = 0; path = StarsKit_ExampleUITests.xctest; sourceTree = BUILT_PRODUCTS_DIR; };
		44CBCAF2203ED4110045F777 /* StarsKit_ExampleUITests.swift */ = {isa = PBXFileReference; lastKnownFileType = sourcecode.swift; path = StarsKit_ExampleUITests.swift; sourceTree = "<group>"; };
		44CBCAF4203ED4110045F777 /* Info.plist */ = {isa = PBXFileReference; lastKnownFileType = text.plist.xml; path = Info.plist; sourceTree = "<group>"; };
		44CBCAFA203EEFEC0045F777 /* FeedbackViewController.xib */ = {isa = PBXFileReference; lastKnownFileType = file.xib; path = FeedbackViewController.xib; sourceTree = "<group>"; };
		5A7F55B5009841DA7B6DDAC3 /* Pods_StarsKit_Example.framework */ = {isa = PBXFileReference; explicitFileType = wrapper.framework; includeInIndex = 0; path = Pods_StarsKit_Example.framework; sourceTree = BUILT_PRODUCTS_DIR; };
		607FACD01AFB9204008FA782 /* StarsKit_Example.app */ = {isa = PBXFileReference; explicitFileType = wrapper.application; includeInIndex = 0; path = StarsKit_Example.app; sourceTree = BUILT_PRODUCTS_DIR; };
		607FACD41AFB9204008FA782 /* Info.plist */ = {isa = PBXFileReference; lastKnownFileType = text.plist.xml; path = Info.plist; sourceTree = "<group>"; };
		607FACD51AFB9204008FA782 /* AppDelegate.swift */ = {isa = PBXFileReference; lastKnownFileType = sourcecode.swift; path = AppDelegate.swift; sourceTree = "<group>"; };
		607FACD71AFB9204008FA782 /* ViewController.swift */ = {isa = PBXFileReference; lastKnownFileType = sourcecode.swift; path = ViewController.swift; sourceTree = "<group>"; };
		607FACDA1AFB9204008FA782 /* Base */ = {isa = PBXFileReference; lastKnownFileType = file.storyboard; name = Base; path = Base.lproj/Main.storyboard; sourceTree = "<group>"; };
		607FACDC1AFB9204008FA782 /* Images.xcassets */ = {isa = PBXFileReference; lastKnownFileType = folder.assetcatalog; path = Images.xcassets; sourceTree = "<group>"; };
		65099E71E2C3E80A6060AA12 /* Pods-StarsKitAbstract-StarsKit_ExampleUITests.debug.xcconfig */ = {isa = PBXFileReference; includeInIndex = 1; lastKnownFileType = text.xcconfig; name = "Pods-StarsKitAbstract-StarsKit_ExampleUITests.debug.xcconfig"; path = "Pods/Target Support Files/Pods-StarsKitAbstract-StarsKit_ExampleUITests/Pods-StarsKitAbstract-StarsKit_ExampleUITests.debug.xcconfig"; sourceTree = "<group>"; };
		670063F38A24658D28E3C66A /* Pods-StarsKitAbstract-StarsKit_ExampleTests.debug.xcconfig */ = {isa = PBXFileReference; includeInIndex = 1; lastKnownFileType = text.xcconfig; name = "Pods-StarsKitAbstract-StarsKit_ExampleTests.debug.xcconfig"; path = "Pods/Target Support Files/Pods-StarsKitAbstract-StarsKit_ExampleTests/Pods-StarsKitAbstract-StarsKit_ExampleTests.debug.xcconfig"; sourceTree = "<group>"; };
		6C482853F34DC3E6411C7426 /* Pods-StarsKitAbstract-StarsKit_ExampleUITests.release.xcconfig */ = {isa = PBXFileReference; includeInIndex = 1; lastKnownFileType = text.xcconfig; name = "Pods-StarsKitAbstract-StarsKit_ExampleUITests.release.xcconfig"; path = "Pods/Target Support Files/Pods-StarsKitAbstract-StarsKit_ExampleUITests/Pods-StarsKitAbstract-StarsKit_ExampleUITests.release.xcconfig"; sourceTree = "<group>"; };
		8553D2C6A6DE1EC2D7B0475F /* Pods-StarsKitAbstract-StarsKit_Example.release.xcconfig */ = {isa = PBXFileReference; includeInIndex = 1; lastKnownFileType = text.xcconfig; name = "Pods-StarsKitAbstract-StarsKit_Example.release.xcconfig"; path = "Pods/Target Support Files/Pods-StarsKitAbstract-StarsKit_Example/Pods-StarsKitAbstract-StarsKit_Example.release.xcconfig"; sourceTree = "<group>"; };
		A4A903802E90B6A0A4775B01 /* StarsKit.podspec */ = {isa = PBXFileReference; includeInIndex = 1; lastKnownFileType = text; name = StarsKit.podspec; path = ../StarsKit.podspec; sourceTree = "<group>"; xcLanguageSpecificationIdentifier = xcode.lang.ruby; };
		AF0E0142E4401BE273BF4737 /* LICENSE */ = {isa = PBXFileReference; includeInIndex = 1; lastKnownFileType = text; name = LICENSE; path = ../LICENSE; sourceTree = "<group>"; };
		B18033F3757FD75A6915F0E3 /* Pods_StarsKitAbstract_StarsKit_Example.framework */ = {isa = PBXFileReference; explicitFileType = wrapper.framework; includeInIndex = 0; path = Pods_StarsKitAbstract_StarsKit_Example.framework; sourceTree = BUILT_PRODUCTS_DIR; };
		B9C9DA53265E05BAA5F842DF /* Pods-StarsKitAbstract-StarsKit_Example.debug.xcconfig */ = {isa = PBXFileReference; includeInIndex = 1; lastKnownFileType = text.xcconfig; name = "Pods-StarsKitAbstract-StarsKit_Example.debug.xcconfig"; path = "Pods/Target Support Files/Pods-StarsKitAbstract-StarsKit_Example/Pods-StarsKitAbstract-StarsKit_Example.debug.xcconfig"; sourceTree = "<group>"; };
		C78F9AE143BC396370B9AB94 /* Pods-StarsKit_ExampleTests.release.xcconfig */ = {isa = PBXFileReference; includeInIndex = 1; lastKnownFileType = text.xcconfig; name = "Pods-StarsKit_ExampleTests.release.xcconfig"; path = "Pods/Target Support Files/Pods-StarsKit_ExampleTests/Pods-StarsKit_ExampleTests.release.xcconfig"; sourceTree = "<group>"; };
		DE09570AA868D9D2844A87F7 /* Pods-StarsKit_Tests.debug.xcconfig */ = {isa = PBXFileReference; includeInIndex = 1; lastKnownFileType = text.xcconfig; name = "Pods-StarsKit_Tests.debug.xcconfig"; path = "Pods/Target Support Files/Pods-StarsKit_Tests/Pods-StarsKit_Tests.debug.xcconfig"; sourceTree = "<group>"; };
		F37BDF283B90B43D54C9E7B1 /* Pods-StarsKit_Tests.release.xcconfig */ = {isa = PBXFileReference; includeInIndex = 1; lastKnownFileType = text.xcconfig; name = "Pods-StarsKit_Tests.release.xcconfig"; path = "Pods/Target Support Files/Pods-StarsKit_Tests/Pods-StarsKit_Tests.release.xcconfig"; sourceTree = "<group>"; };
/* End PBXFileReference section */

/* Begin PBXFrameworksBuildPhase section */
		44CBCAD7203EBD050045F777 /* Frameworks */ = {
			isa = PBXFrameworksBuildPhase;
			buildActionMask = 2147483647;
			files = (
				CAA1F5F21459A5EAFAB2C65E /* Pods_StarsKitAbstract_StarsKit_ExampleTests.framework in Frameworks */,
			);
			runOnlyForDeploymentPostprocessing = 0;
		};
		44CBCAED203ED4110045F777 /* Frameworks */ = {
			isa = PBXFrameworksBuildPhase;
			buildActionMask = 2147483647;
			files = (
				0E8CCB42337A3938097E6250 /* Pods_StarsKitAbstract_StarsKit_ExampleUITests.framework in Frameworks */,
			);
			runOnlyForDeploymentPostprocessing = 0;
		};
		607FACCD1AFB9204008FA782 /* Frameworks */ = {
			isa = PBXFrameworksBuildPhase;
			buildActionMask = 2147483647;
			files = (
				5F5D6FDE5B63DFF92C096955 /* Pods_StarsKitAbstract_StarsKit_Example.framework in Frameworks */,
			);
			runOnlyForDeploymentPostprocessing = 0;
		};
/* End PBXFrameworksBuildPhase section */

/* Begin PBXGroup section */
		442A9025203C753600512A74 /* Resources */ = {
			isa = PBXGroup;
			children = (
				442A9028203C76B900512A74 /* config.json */,
			);
			path = Resources;
			sourceTree = "<group>";
		};
		44CBCADB203EBD050045F777 /* StarsKit_ExampleTests */ = {
			isa = PBXGroup;
			children = (
				44CBCAE7203EBE160045F777 /* ConfigurationStubs */,
				44CBCADC203EBD050045F777 /* StarsKitCheckerTests.swift */,
				44CBCADE203EBD050045F777 /* Info.plist */,
				44CBCAE5203EBE010045F777 /* StubsReader.swift */,
			);
			path = StarsKit_ExampleTests;
			sourceTree = "<group>";
		};
		44CBCAE7203EBE160045F777 /* ConfigurationStubs */ = {
			isa = PBXGroup;
			children = (
				44CBCAEA203EC1480045F777 /* DefaultConfiguration.json */,
				44CBCAE8203EBE160045F777 /* ConfigurationDisable.json */,
			);
			path = ConfigurationStubs;
			sourceTree = "<group>";
		};
		44CBCAF1203ED4110045F777 /* StarsKit_ExampleUITests */ = {
			isa = PBXGroup;
			children = (
				44CBCAF2203ED4110045F777 /* StarsKit_ExampleUITests.swift */,
				44CBCAF4203ED4110045F777 /* Info.plist */,
			);
			path = StarsKit_ExampleUITests;
			sourceTree = "<group>";
		};
		607FACC71AFB9204008FA782 = {
			isa = PBXGroup;
			children = (
				607FACF51AFB993E008FA782 /* Podspec Metadata */,
				607FACD21AFB9204008FA782 /* Example for StarsKit */,
				44CBCADB203EBD050045F777 /* StarsKit_ExampleTests */,
				44CBCAF1203ED4110045F777 /* StarsKit_ExampleUITests */,
				607FACD11AFB9204008FA782 /* Products */,
				A10537F6BEA60C3AD4AE8812 /* Pods */,
				64EFBF607B3D9FE87A7807E5 /* Frameworks */,
			);
			sourceTree = "<group>";
		};
		607FACD11AFB9204008FA782 /* Products */ = {
			isa = PBXGroup;
			children = (
				607FACD01AFB9204008FA782 /* StarsKit_Example.app */,
				44CBCADA203EBD050045F777 /* StarsKit_ExampleTests.xctest */,
				44CBCAF0203ED4110045F777 /* StarsKit_ExampleUITests.xctest */,
			);
			name = Products;
			sourceTree = "<group>";
		};
		607FACD21AFB9204008FA782 /* Example for StarsKit */ = {
			isa = PBXGroup;
			children = (
				607FACD51AFB9204008FA782 /* AppDelegate.swift */,
				607FACD71AFB9204008FA782 /* ViewController.swift */,
				4421E1F5203D8ECB004F058F /* UIImage+StarsKit.swift */,
				442A9025203C753600512A74 /* Resources */,
				44CBCAFA203EEFEC0045F777 /* FeedbackViewController.xib */,
				607FACD91AFB9204008FA782 /* Main.storyboard */,
				607FACDC1AFB9204008FA782 /* Images.xcassets */,
				607FACD31AFB9204008FA782 /* Supporting Files */,
				442A9026203C75EB00512A74 /* LaunchScreen.storyboard */,
				4402EF0E203E1E39004E82AE /* Localizable.strings */,
			);
			name = "Example for StarsKit";
			path = StarsKit;
			sourceTree = "<group>";
		};
		607FACD31AFB9204008FA782 /* Supporting Files */ = {
			isa = PBXGroup;
			children = (
				607FACD41AFB9204008FA782 /* Info.plist */,
			);
			name = "Supporting Files";
			sourceTree = "<group>";
		};
		607FACF51AFB993E008FA782 /* Podspec Metadata */ = {
			isa = PBXGroup;
			children = (
				A4A903802E90B6A0A4775B01 /* StarsKit.podspec */,
				0E99C04096DE554B6BD01760 /* README.md */,
				AF0E0142E4401BE273BF4737 /* LICENSE */,
			);
			name = "Podspec Metadata";
			sourceTree = "<group>";
		};
		64EFBF607B3D9FE87A7807E5 /* Frameworks */ = {
			isa = PBXGroup;
			children = (
				5A7F55B5009841DA7B6DDAC3 /* Pods_StarsKit_Example.framework */,
				2D51679C39681124B4443E86 /* Pods_StarsKit_Tests.framework */,
				34350EA4936D1050D44070C7 /* Pods_StarsKit_ExampleTests.framework */,
				B18033F3757FD75A6915F0E3 /* Pods_StarsKitAbstract_StarsKit_Example.framework */,
				3FC9EE6816F8688BB05CE66C /* Pods_StarsKitAbstract_StarsKit_ExampleTests.framework */,
				1436CC997A251EB5CEF076DE /* Pods_StarsKitAbstract_StarsKit_ExampleUITests.framework */,
			);
			name = Frameworks;
			sourceTree = "<group>";
		};
		A10537F6BEA60C3AD4AE8812 /* Pods */ = {
			isa = PBXGroup;
			children = (
				01C52A637B4D435E246CB9BF /* Pods-StarsKit_Example.debug.xcconfig */,
				053750C0D92FE3A6234ECBCD /* Pods-StarsKit_Example.release.xcconfig */,
				DE09570AA868D9D2844A87F7 /* Pods-StarsKit_Tests.debug.xcconfig */,
				F37BDF283B90B43D54C9E7B1 /* Pods-StarsKit_Tests.release.xcconfig */,
				2AFB7B276C0CC1C9E2A8D6CB /* Pods-StarsKit_ExampleTests.debug.xcconfig */,
				C78F9AE143BC396370B9AB94 /* Pods-StarsKit_ExampleTests.release.xcconfig */,
				B9C9DA53265E05BAA5F842DF /* Pods-StarsKitAbstract-StarsKit_Example.debug.xcconfig */,
				8553D2C6A6DE1EC2D7B0475F /* Pods-StarsKitAbstract-StarsKit_Example.release.xcconfig */,
				670063F38A24658D28E3C66A /* Pods-StarsKitAbstract-StarsKit_ExampleTests.debug.xcconfig */,
				3F6DDF5EF0209A1770D33D8F /* Pods-StarsKitAbstract-StarsKit_ExampleTests.release.xcconfig */,
				65099E71E2C3E80A6060AA12 /* Pods-StarsKitAbstract-StarsKit_ExampleUITests.debug.xcconfig */,
				6C482853F34DC3E6411C7426 /* Pods-StarsKitAbstract-StarsKit_ExampleUITests.release.xcconfig */,
			);
			name = Pods;
			sourceTree = "<group>";
		};
/* End PBXGroup section */

/* Begin PBXNativeTarget section */
		44CBCAD9203EBD050045F777 /* StarsKit_ExampleTests */ = {
			isa = PBXNativeTarget;
			buildConfigurationList = 44CBCADF203EBD050045F777 /* Build configuration list for PBXNativeTarget "StarsKit_ExampleTests" */;
			buildPhases = (
				AA9EB4DB1AE30484E5E76E12 /* [CP] Check Pods Manifest.lock */,
				44CBCAD6203EBD050045F777 /* Sources */,
				44CBCAD7203EBD050045F777 /* Frameworks */,
				44CBCAD8203EBD050045F777 /* Resources */,
				8FF7162899C9615EC463BF3C /* [CP] Embed Pods Frameworks */,
				B5E1596B67950EFDBCE4467A /* [CP] Copy Pods Resources */,
			);
			buildRules = (
			);
			dependencies = (
			);
			name = StarsKit_ExampleTests;
			productName = StarsKit_ExampleTests;
			productReference = 44CBCADA203EBD050045F777 /* StarsKit_ExampleTests.xctest */;
			productType = "com.apple.product-type.bundle.unit-test";
		};
		44CBCAEF203ED4110045F777 /* StarsKit_ExampleUITests */ = {
			isa = PBXNativeTarget;
			buildConfigurationList = 44CBCAF7203ED4110045F777 /* Build configuration list for PBXNativeTarget "StarsKit_ExampleUITests" */;
			buildPhases = (
				BE9ED487546223A31FE45D55 /* [CP] Check Pods Manifest.lock */,
				44CBCAEC203ED4110045F777 /* Sources */,
				44CBCAED203ED4110045F777 /* Frameworks */,
				44CBCAEE203ED4110045F777 /* Resources */,
				7ED37AD09A74E3355F7EA89B /* [CP] Embed Pods Frameworks */,
				6E1A5291391ABCFA78B7980C /* [CP] Copy Pods Resources */,
			);
			buildRules = (
			);
			dependencies = (
				44CBCAF6203ED4110045F777 /* PBXTargetDependency */,
			);
			name = StarsKit_ExampleUITests;
			productName = StarsKit_ExampleUITests;
			productReference = 44CBCAF0203ED4110045F777 /* StarsKit_ExampleUITests.xctest */;
			productType = "com.apple.product-type.bundle.ui-testing";
		};
		607FACCF1AFB9204008FA782 /* StarsKit_Example */ = {
			isa = PBXNativeTarget;
			buildConfigurationList = 607FACEF1AFB9204008FA782 /* Build configuration list for PBXNativeTarget "StarsKit_Example" */;
			buildPhases = (
				1729F21375698A98AF707065 /* [CP] Check Pods Manifest.lock */,
				44CBCB03204015CC0045F777 /* ⚠️ SwiftLint */,
				607FACCC1AFB9204008FA782 /* Sources */,
				607FACCD1AFB9204008FA782 /* Frameworks */,
				607FACCE1AFB9204008FA782 /* Resources */,
				E99A429652C2853C45C58BEB /* [CP] Embed Pods Frameworks */,
				D373FB60F1B1882578BA2B46 /* [CP] Copy Pods Resources */,
			);
			buildRules = (
			);
			dependencies = (
			);
			name = StarsKit_Example;
			productName = StarsKit;
			productReference = 607FACD01AFB9204008FA782 /* StarsKit_Example.app */;
			productType = "com.apple.product-type.application";
		};
/* End PBXNativeTarget section */

/* Begin PBXProject section */
		607FACC81AFB9204008FA782 /* Project object */ = {
			isa = PBXProject;
			attributes = {
				LastSwiftUpdateCheck = 0920;
				LastUpgradeCheck = 0830;
				ORGANIZATIONNAME = CocoaPods;
				TargetAttributes = {
					44CBCAD9203EBD050045F777 = {
						CreatedOnToolsVersion = 9.2;
						ProvisioningStyle = Automatic;
					};
					44CBCAEF203ED4110045F777 = {
						CreatedOnToolsVersion = 9.2;
						ProvisioningStyle = Automatic;
						TestTargetID = 607FACCF1AFB9204008FA782;
					};
					607FACCF1AFB9204008FA782 = {
						CreatedOnToolsVersion = 6.3.1;
						DevelopmentTeam = R78Q854ZRC;
						LastSwiftMigration = 0900;
					};
				};
			};
			buildConfigurationList = 607FACCB1AFB9204008FA782 /* Build configuration list for PBXProject "StarsKit" */;
			compatibilityVersion = "Xcode 3.2";
			developmentRegion = English;
			hasScannedForEncodings = 0;
			knownRegions = (
				en,
				Base,
				fr,
			);
			mainGroup = 607FACC71AFB9204008FA782;
			productRefGroup = 607FACD11AFB9204008FA782 /* Products */;
			projectDirPath = "";
			projectRoot = "";
			targets = (
				607FACCF1AFB9204008FA782 /* StarsKit_Example */,
				44CBCAD9203EBD050045F777 /* StarsKit_ExampleTests */,
				44CBCAEF203ED4110045F777 /* StarsKit_ExampleUITests */,
			);
		};
/* End PBXProject section */

/* Begin PBXResourcesBuildPhase section */
		44CBCAD8203EBD050045F777 /* Resources */ = {
			isa = PBXResourcesBuildPhase;
			buildActionMask = 2147483647;
			files = (
				44CBCAEB203EC1480045F777 /* DefaultConfiguration.json in Resources */,
				44CBCAE9203EBE160045F777 /* ConfigurationDisable.json in Resources */,
			);
			runOnlyForDeploymentPostprocessing = 0;
		};
		44CBCAEE203ED4110045F777 /* Resources */ = {
			isa = PBXResourcesBuildPhase;
			buildActionMask = 2147483647;
			files = (
			);
			runOnlyForDeploymentPostprocessing = 0;
		};
		607FACCE1AFB9204008FA782 /* Resources */ = {
			isa = PBXResourcesBuildPhase;
			buildActionMask = 2147483647;
			files = (
				4402EF10203E1E39004E82AE /* Localizable.strings in Resources */,
				442A9027203C75EB00512A74 /* LaunchScreen.storyboard in Resources */,
				442A9029203C76B900512A74 /* config.json in Resources */,
				607FACDB1AFB9204008FA782 /* Main.storyboard in Resources */,
				607FACDD1AFB9204008FA782 /* Images.xcassets in Resources */,
			);
			runOnlyForDeploymentPostprocessing = 0;
		};
/* End PBXResourcesBuildPhase section */

/* Begin PBXShellScriptBuildPhase section */
		1729F21375698A98AF707065 /* [CP] Check Pods Manifest.lock */ = {
			isa = PBXShellScriptBuildPhase;
			buildActionMask = 2147483647;
			files = (
			);
			inputPaths = (
				"${PODS_PODFILE_DIR_PATH}/Podfile.lock",
				"${PODS_ROOT}/Manifest.lock",
			);
			name = "[CP] Check Pods Manifest.lock";
			outputPaths = (
				"$(DERIVED_FILE_DIR)/Pods-StarsKitAbstract-StarsKit_Example-checkManifestLockResult.txt",
			);
			runOnlyForDeploymentPostprocessing = 0;
			shellPath = /bin/sh;
			shellScript = "diff \"${PODS_PODFILE_DIR_PATH}/Podfile.lock\" \"${PODS_ROOT}/Manifest.lock\" > /dev/null\nif [ $? != 0 ] ; then\n    # print error to STDERR\n    echo \"error: The sandbox is not in sync with the Podfile.lock. Run 'pod install' or update your CocoaPods installation.\" >&2\n    exit 1\nfi\n# This output is used by Xcode 'outputs' to avoid re-running this script phase.\necho \"SUCCESS\" > \"${SCRIPT_OUTPUT_FILE_0}\"\n";
			showEnvVarsInLog = 0;
		};
		44CBCB03204015CC0045F777 /* ⚠️ SwiftLint */ = {
			isa = PBXShellScriptBuildPhase;
			buildActionMask = 2147483647;
			files = (
			);
			inputPaths = (
			);
			name = "⚠️ SwiftLint";
			outputPaths = (
			);
			runOnlyForDeploymentPostprocessing = 0;
			shellPath = /bin/sh;
			shellScript = "$PODS_ROOT/SwiftLint/swiftlint autocorrect\n$PODS_ROOT/SwiftLint/swiftlint";
		};
		6E1A5291391ABCFA78B7980C /* [CP] Copy Pods Resources */ = {
			isa = PBXShellScriptBuildPhase;
			buildActionMask = 2147483647;
			files = (
			);
			inputPaths = (
			);
			name = "[CP] Copy Pods Resources";
			outputPaths = (
			);
			runOnlyForDeploymentPostprocessing = 0;
			shellPath = /bin/sh;
			shellScript = "\"${SRCROOT}/Pods/Target Support Files/Pods-StarsKitAbstract-StarsKit_ExampleUITests/Pods-StarsKitAbstract-StarsKit_ExampleUITests-resources.sh\"\n";
			showEnvVarsInLog = 0;
		};
		7ED37AD09A74E3355F7EA89B /* [CP] Embed Pods Frameworks */ = {
			isa = PBXShellScriptBuildPhase;
			buildActionMask = 2147483647;
			files = (
			);
			inputPaths = (
				"${SRCROOT}/Pods/Target Support Files/Pods-StarsKitAbstract-StarsKit_ExampleUITests/Pods-StarsKitAbstract-StarsKit_ExampleUITests-frameworks.sh",
				"${BUILT_PRODUCTS_DIR}/Cosmos/Cosmos.framework",
				"${BUILT_PRODUCTS_DIR}/Extra/Extra.framework",
				"${BUILT_PRODUCTS_DIR}/Jelly/Jelly.framework",
				"${BUILT_PRODUCTS_DIR}/StarsKit/StarsKit.framework",
			);
			name = "[CP] Embed Pods Frameworks";
			outputPaths = (
				"${TARGET_BUILD_DIR}/${FRAMEWORKS_FOLDER_PATH}/Cosmos.framework",
				"${TARGET_BUILD_DIR}/${FRAMEWORKS_FOLDER_PATH}/Extra.framework",
				"${TARGET_BUILD_DIR}/${FRAMEWORKS_FOLDER_PATH}/Jelly.framework",
				"${TARGET_BUILD_DIR}/${FRAMEWORKS_FOLDER_PATH}/StarsKit.framework",
			);
			runOnlyForDeploymentPostprocessing = 0;
			shellPath = /bin/sh;
			shellScript = "\"${SRCROOT}/Pods/Target Support Files/Pods-StarsKitAbstract-StarsKit_ExampleUITests/Pods-StarsKitAbstract-StarsKit_ExampleUITests-frameworks.sh\"\n";
			showEnvVarsInLog = 0;
		};
		8FF7162899C9615EC463BF3C /* [CP] Embed Pods Frameworks */ = {
			isa = PBXShellScriptBuildPhase;
			buildActionMask = 2147483647;
			files = (
			);
			inputPaths = (
				"${SRCROOT}/Pods/Target Support Files/Pods-StarsKitAbstract-StarsKit_ExampleTests/Pods-StarsKitAbstract-StarsKit_ExampleTests-frameworks.sh",
				"${BUILT_PRODUCTS_DIR}/Cosmos/Cosmos.framework",
				"${BUILT_PRODUCTS_DIR}/Extra/Extra.framework",
				"${BUILT_PRODUCTS_DIR}/Jelly/Jelly.framework",
				"${BUILT_PRODUCTS_DIR}/StarsKit/StarsKit.framework",
				"${BUILT_PRODUCTS_DIR}/SwiftDate/SwiftDate.framework",
			);
			name = "[CP] Embed Pods Frameworks";
			outputPaths = (
				"${TARGET_BUILD_DIR}/${FRAMEWORKS_FOLDER_PATH}/Cosmos.framework",
				"${TARGET_BUILD_DIR}/${FRAMEWORKS_FOLDER_PATH}/Extra.framework",
				"${TARGET_BUILD_DIR}/${FRAMEWORKS_FOLDER_PATH}/Jelly.framework",
				"${TARGET_BUILD_DIR}/${FRAMEWORKS_FOLDER_PATH}/StarsKit.framework",
				"${TARGET_BUILD_DIR}/${FRAMEWORKS_FOLDER_PATH}/SwiftDate.framework",
			);
			runOnlyForDeploymentPostprocessing = 0;
			shellPath = /bin/sh;
			shellScript = "\"${SRCROOT}/Pods/Target Support Files/Pods-StarsKitAbstract-StarsKit_ExampleTests/Pods-StarsKitAbstract-StarsKit_ExampleTests-frameworks.sh\"\n";
			showEnvVarsInLog = 0;
		};
		AA9EB4DB1AE30484E5E76E12 /* [CP] Check Pods Manifest.lock */ = {
			isa = PBXShellScriptBuildPhase;
			buildActionMask = 2147483647;
			files = (
			);
			inputPaths = (
				"${PODS_PODFILE_DIR_PATH}/Podfile.lock",
				"${PODS_ROOT}/Manifest.lock",
			);
			name = "[CP] Check Pods Manifest.lock";
			outputPaths = (
				"$(DERIVED_FILE_DIR)/Pods-StarsKitAbstract-StarsKit_ExampleTests-checkManifestLockResult.txt",
			);
			runOnlyForDeploymentPostprocessing = 0;
			shellPath = /bin/sh;
			shellScript = "diff \"${PODS_PODFILE_DIR_PATH}/Podfile.lock\" \"${PODS_ROOT}/Manifest.lock\" > /dev/null\nif [ $? != 0 ] ; then\n    # print error to STDERR\n    echo \"error: The sandbox is not in sync with the Podfile.lock. Run 'pod install' or update your CocoaPods installation.\" >&2\n    exit 1\nfi\n# This output is used by Xcode 'outputs' to avoid re-running this script phase.\necho \"SUCCESS\" > \"${SCRIPT_OUTPUT_FILE_0}\"\n";
			showEnvVarsInLog = 0;
		};
		B5E1596B67950EFDBCE4467A /* [CP] Copy Pods Resources */ = {
			isa = PBXShellScriptBuildPhase;
			buildActionMask = 2147483647;
			files = (
			);
			inputPaths = (
			);
			name = "[CP] Copy Pods Resources";
			outputPaths = (
			);
			runOnlyForDeploymentPostprocessing = 0;
			shellPath = /bin/sh;
			shellScript = "\"${SRCROOT}/Pods/Target Support Files/Pods-StarsKitAbstract-StarsKit_ExampleTests/Pods-StarsKitAbstract-StarsKit_ExampleTests-resources.sh\"\n";
			showEnvVarsInLog = 0;
		};
		BE9ED487546223A31FE45D55 /* [CP] Check Pods Manifest.lock */ = {
			isa = PBXShellScriptBuildPhase;
			buildActionMask = 2147483647;
			files = (
			);
			inputPaths = (
				"${PODS_PODFILE_DIR_PATH}/Podfile.lock",
				"${PODS_ROOT}/Manifest.lock",
			);
			name = "[CP] Check Pods Manifest.lock";
			outputPaths = (
				"$(DERIVED_FILE_DIR)/Pods-StarsKitAbstract-StarsKit_ExampleUITests-checkManifestLockResult.txt",
			);
			runOnlyForDeploymentPostprocessing = 0;
			shellPath = /bin/sh;
			shellScript = "diff \"${PODS_PODFILE_DIR_PATH}/Podfile.lock\" \"${PODS_ROOT}/Manifest.lock\" > /dev/null\nif [ $? != 0 ] ; then\n    # print error to STDERR\n    echo \"error: The sandbox is not in sync with the Podfile.lock. Run 'pod install' or update your CocoaPods installation.\" >&2\n    exit 1\nfi\n# This output is used by Xcode 'outputs' to avoid re-running this script phase.\necho \"SUCCESS\" > \"${SCRIPT_OUTPUT_FILE_0}\"\n";
			showEnvVarsInLog = 0;
		};
		D373FB60F1B1882578BA2B46 /* [CP] Copy Pods Resources */ = {
			isa = PBXShellScriptBuildPhase;
			buildActionMask = 2147483647;
			files = (
			);
			inputPaths = (
			);
			name = "[CP] Copy Pods Resources";
			outputPaths = (
			);
			runOnlyForDeploymentPostprocessing = 0;
			shellPath = /bin/sh;
			shellScript = "\"${SRCROOT}/Pods/Target Support Files/Pods-StarsKitAbstract-StarsKit_Example/Pods-StarsKitAbstract-StarsKit_Example-resources.sh\"\n";
			showEnvVarsInLog = 0;
		};
		E99A429652C2853C45C58BEB /* [CP] Embed Pods Frameworks */ = {
			isa = PBXShellScriptBuildPhase;
			buildActionMask = 2147483647;
			files = (
			);
			inputPaths = (
				"${SRCROOT}/Pods/Target Support Files/Pods-StarsKitAbstract-StarsKit_Example/Pods-StarsKitAbstract-StarsKit_Example-frameworks.sh",
				"${BUILT_PRODUCTS_DIR}/Cosmos/Cosmos.framework",
				"${BUILT_PRODUCTS_DIR}/Extra/Extra.framework",
				"${BUILT_PRODUCTS_DIR}/Jelly/Jelly.framework",
				"${BUILT_PRODUCTS_DIR}/StarsKit/StarsKit.framework",
			);
			name = "[CP] Embed Pods Frameworks";
			outputPaths = (
				"${TARGET_BUILD_DIR}/${FRAMEWORKS_FOLDER_PATH}/Cosmos.framework",
				"${TARGET_BUILD_DIR}/${FRAMEWORKS_FOLDER_PATH}/Extra.framework",
				"${TARGET_BUILD_DIR}/${FRAMEWORKS_FOLDER_PATH}/Jelly.framework",
				"${TARGET_BUILD_DIR}/${FRAMEWORKS_FOLDER_PATH}/StarsKit.framework",
			);
			runOnlyForDeploymentPostprocessing = 0;
			shellPath = /bin/sh;
			shellScript = "\"${SRCROOT}/Pods/Target Support Files/Pods-StarsKitAbstract-StarsKit_Example/Pods-StarsKitAbstract-StarsKit_Example-frameworks.sh\"\n";
			showEnvVarsInLog = 0;
		};
/* End PBXShellScriptBuildPhase section */

/* Begin PBXSourcesBuildPhase section */
		44CBCAD6203EBD050045F777 /* Sources */ = {
			isa = PBXSourcesBuildPhase;
			buildActionMask = 2147483647;
			files = (
				44CBCAE6203EBE010045F777 /* StubsReader.swift in Sources */,
				44CBCADD203EBD050045F777 /* StarsKitCheckerTests.swift in Sources */,
			);
			runOnlyForDeploymentPostprocessing = 0;
		};
		44CBCAEC203ED4110045F777 /* Sources */ = {
			isa = PBXSourcesBuildPhase;
			buildActionMask = 2147483647;
			files = (
				44CBCAF3203ED4110045F777 /* StarsKit_ExampleUITests.swift in Sources */,
			);
			runOnlyForDeploymentPostprocessing = 0;
		};
		607FACCC1AFB9204008FA782 /* Sources */ = {
			isa = PBXSourcesBuildPhase;
			buildActionMask = 2147483647;
			files = (
				607FACD81AFB9204008FA782 /* ViewController.swift in Sources */,
				607FACD61AFB9204008FA782 /* AppDelegate.swift in Sources */,
				4421E1F6203D8ECB004F058F /* UIImage+StarsKit.swift in Sources */,
			);
			runOnlyForDeploymentPostprocessing = 0;
		};
/* End PBXSourcesBuildPhase section */

/* Begin PBXTargetDependency section */
		44CBCAF6203ED4110045F777 /* PBXTargetDependency */ = {
			isa = PBXTargetDependency;
			target = 607FACCF1AFB9204008FA782 /* StarsKit_Example */;
			targetProxy = 44CBCAF5203ED4110045F777 /* PBXContainerItemProxy */;
		};
/* End PBXTargetDependency section */

/* Begin PBXVariantGroup section */
		4402EF0E203E1E39004E82AE /* Localizable.strings */ = {
			isa = PBXVariantGroup;
			children = (
				4402EF11203E1E42004E82AE /* en */,
				4402EF12203E1E45004E82AE /* fr */,
			);
			name = Localizable.strings;
			sourceTree = "<group>";
		};
		607FACD91AFB9204008FA782 /* Main.storyboard */ = {
			isa = PBXVariantGroup;
			children = (
				607FACDA1AFB9204008FA782 /* Base */,
				4402EF0D203DE876004E82AE /* fr */,
			);
			name = Main.storyboard;
			sourceTree = "<group>";
		};
/* End PBXVariantGroup section */

/* Begin XCBuildConfiguration section */
		44CBCAE0203EBD050045F777 /* Debug */ = {
			isa = XCBuildConfiguration;
			baseConfigurationReference = 670063F38A24658D28E3C66A /* Pods-StarsKitAbstract-StarsKit_ExampleTests.debug.xcconfig */;
			buildSettings = {
				CLANG_ANALYZER_NONNULL = YES;
				CLANG_ANALYZER_NUMBER_OBJECT_CONVERSION = YES_AGGRESSIVE;
				CLANG_CXX_LANGUAGE_STANDARD = "gnu++14";
				CLANG_WARN_DOCUMENTATION_COMMENTS = YES;
				CLANG_WARN_UNGUARDED_AVAILABILITY = YES_AGGRESSIVE;
				CODE_SIGN_IDENTITY = "iPhone Developer";
				CODE_SIGN_STYLE = Automatic;
				DEBUG_INFORMATION_FORMAT = dwarf;
				GCC_C_LANGUAGE_STANDARD = gnu11;
				INFOPLIST_FILE = StarsKit_ExampleTests/Info.plist;
				IPHONEOS_DEPLOYMENT_TARGET = 11.2;
				LD_RUNPATH_SEARCH_PATHS = "$(inherited) @executable_path/Frameworks @loader_path/Frameworks";
				PRODUCT_BUNDLE_IDENTIFIER = "sns.StarsKit-ExampleTests";
				PRODUCT_NAME = "$(TARGET_NAME)";
				SWIFT_ACTIVE_COMPILATION_CONDITIONS = DEBUG;
				SWIFT_VERSION = 4.0;
				TARGETED_DEVICE_FAMILY = "1,2";
			};
			name = Debug;
		};
		44CBCAE1203EBD050045F777 /* Release */ = {
			isa = XCBuildConfiguration;
			baseConfigurationReference = 3F6DDF5EF0209A1770D33D8F /* Pods-StarsKitAbstract-StarsKit_ExampleTests.release.xcconfig */;
			buildSettings = {
				CLANG_ANALYZER_NONNULL = YES;
				CLANG_ANALYZER_NUMBER_OBJECT_CONVERSION = YES_AGGRESSIVE;
				CLANG_CXX_LANGUAGE_STANDARD = "gnu++14";
				CLANG_WARN_DOCUMENTATION_COMMENTS = YES;
				CLANG_WARN_UNGUARDED_AVAILABILITY = YES_AGGRESSIVE;
				CODE_SIGN_IDENTITY = "iPhone Developer";
				CODE_SIGN_STYLE = Automatic;
				GCC_C_LANGUAGE_STANDARD = gnu11;
				INFOPLIST_FILE = StarsKit_ExampleTests/Info.plist;
				IPHONEOS_DEPLOYMENT_TARGET = 11.2;
				LD_RUNPATH_SEARCH_PATHS = "$(inherited) @executable_path/Frameworks @loader_path/Frameworks";
				PRODUCT_BUNDLE_IDENTIFIER = "sns.StarsKit-ExampleTests";
				PRODUCT_NAME = "$(TARGET_NAME)";
				SWIFT_VERSION = 4.0;
				TARGETED_DEVICE_FAMILY = "1,2";
			};
			name = Release;
		};
		44CBCAF8203ED4110045F777 /* Debug */ = {
			isa = XCBuildConfiguration;
			baseConfigurationReference = 65099E71E2C3E80A6060AA12 /* Pods-StarsKitAbstract-StarsKit_ExampleUITests.debug.xcconfig */;
			buildSettings = {
				CLANG_ANALYZER_NONNULL = YES;
				CLANG_ANALYZER_NUMBER_OBJECT_CONVERSION = YES_AGGRESSIVE;
				CLANG_CXX_LANGUAGE_STANDARD = "gnu++14";
				CLANG_WARN_DOCUMENTATION_COMMENTS = YES;
				CLANG_WARN_UNGUARDED_AVAILABILITY = YES_AGGRESSIVE;
				CODE_SIGN_IDENTITY = "iPhone Developer";
				CODE_SIGN_STYLE = Automatic;
				DEBUG_INFORMATION_FORMAT = dwarf;
				GCC_C_LANGUAGE_STANDARD = gnu11;
				INFOPLIST_FILE = StarsKit_ExampleUITests/Info.plist;
				IPHONEOS_DEPLOYMENT_TARGET = 11.2;
				LD_RUNPATH_SEARCH_PATHS = "$(inherited) @executable_path/Frameworks @loader_path/Frameworks";
				PRODUCT_BUNDLE_IDENTIFIER = "sns.StarsKit-ExampleUITests";
				PRODUCT_NAME = "$(TARGET_NAME)";
				SWIFT_ACTIVE_COMPILATION_CONDITIONS = DEBUG;
				SWIFT_VERSION = 4.0;
				TARGETED_DEVICE_FAMILY = "1,2";
				TEST_TARGET_NAME = StarsKit_Example;
			};
			name = Debug;
		};
		44CBCAF9203ED4110045F777 /* Release */ = {
			isa = XCBuildConfiguration;
			baseConfigurationReference = 6C482853F34DC3E6411C7426 /* Pods-StarsKitAbstract-StarsKit_ExampleUITests.release.xcconfig */;
			buildSettings = {
				CLANG_ANALYZER_NONNULL = YES;
				CLANG_ANALYZER_NUMBER_OBJECT_CONVERSION = YES_AGGRESSIVE;
				CLANG_CXX_LANGUAGE_STANDARD = "gnu++14";
				CLANG_WARN_DOCUMENTATION_COMMENTS = YES;
				CLANG_WARN_UNGUARDED_AVAILABILITY = YES_AGGRESSIVE;
				CODE_SIGN_IDENTITY = "iPhone Developer";
				CODE_SIGN_STYLE = Automatic;
				GCC_C_LANGUAGE_STANDARD = gnu11;
				INFOPLIST_FILE = StarsKit_ExampleUITests/Info.plist;
				IPHONEOS_DEPLOYMENT_TARGET = 11.2;
				LD_RUNPATH_SEARCH_PATHS = "$(inherited) @executable_path/Frameworks @loader_path/Frameworks";
				PRODUCT_BUNDLE_IDENTIFIER = "sns.StarsKit-ExampleUITests";
				PRODUCT_NAME = "$(TARGET_NAME)";
				SWIFT_VERSION = 4.0;
				TARGETED_DEVICE_FAMILY = "1,2";
				TEST_TARGET_NAME = StarsKit_Example;
			};
			name = Release;
		};
		607FACED1AFB9204008FA782 /* Debug */ = {
			isa = XCBuildConfiguration;
			buildSettings = {
				ALWAYS_SEARCH_USER_PATHS = NO;
				CLANG_ANALYZER_LOCALIZABILITY_NONLOCALIZED = YES;
				CLANG_CXX_LANGUAGE_STANDARD = "gnu++0x";
				CLANG_CXX_LIBRARY = "libc++";
				CLANG_ENABLE_MODULES = YES;
				CLANG_ENABLE_OBJC_ARC = YES;
				CLANG_WARN_BLOCK_CAPTURE_AUTORELEASING = YES;
				CLANG_WARN_BOOL_CONVERSION = YES;
				CLANG_WARN_COMMA = YES;
				CLANG_WARN_CONSTANT_CONVERSION = YES;
				CLANG_WARN_DIRECT_OBJC_ISA_USAGE = YES_ERROR;
				CLANG_WARN_EMPTY_BODY = YES;
				CLANG_WARN_ENUM_CONVERSION = YES;
				CLANG_WARN_INFINITE_RECURSION = YES;
				CLANG_WARN_INT_CONVERSION = YES;
				CLANG_WARN_NON_LITERAL_NULL_CONVERSION = YES;
				CLANG_WARN_OBJC_LITERAL_CONVERSION = YES;
				CLANG_WARN_OBJC_ROOT_CLASS = YES_ERROR;
				CLANG_WARN_RANGE_LOOP_ANALYSIS = YES;
				CLANG_WARN_STRICT_PROTOTYPES = YES;
				CLANG_WARN_SUSPICIOUS_MOVE = YES;
				CLANG_WARN_UNREACHABLE_CODE = YES;
				CLANG_WARN__DUPLICATE_METHOD_MATCH = YES;
				"CODE_SIGN_IDENTITY[sdk=iphoneos*]" = "iPhone Developer";
				COPY_PHASE_STRIP = NO;
				DEBUG_INFORMATION_FORMAT = "dwarf-with-dsym";
				ENABLE_STRICT_OBJC_MSGSEND = YES;
				ENABLE_TESTABILITY = YES;
				GCC_C_LANGUAGE_STANDARD = gnu99;
				GCC_DYNAMIC_NO_PIC = NO;
				GCC_NO_COMMON_BLOCKS = YES;
				GCC_OPTIMIZATION_LEVEL = 0;
				GCC_PREPROCESSOR_DEFINITIONS = (
					"DEBUG=1",
					"$(inherited)",
				);
				GCC_SYMBOLS_PRIVATE_EXTERN = NO;
				GCC_WARN_64_TO_32_BIT_CONVERSION = YES;
				GCC_WARN_ABOUT_RETURN_TYPE = YES_ERROR;
				GCC_WARN_UNDECLARED_SELECTOR = YES;
				GCC_WARN_UNINITIALIZED_AUTOS = YES_AGGRESSIVE;
				GCC_WARN_UNUSED_FUNCTION = YES;
				GCC_WARN_UNUSED_VARIABLE = YES;
				IPHONEOS_DEPLOYMENT_TARGET = 9.3;
				MTL_ENABLE_DEBUG_INFO = YES;
				ONLY_ACTIVE_ARCH = YES;
				SDKROOT = iphoneos;
				SWIFT_OPTIMIZATION_LEVEL = "-Onone";
			};
			name = Debug;
		};
		607FACEE1AFB9204008FA782 /* Release */ = {
			isa = XCBuildConfiguration;
			buildSettings = {
				ALWAYS_SEARCH_USER_PATHS = NO;
				CLANG_ANALYZER_LOCALIZABILITY_NONLOCALIZED = YES;
				CLANG_CXX_LANGUAGE_STANDARD = "gnu++0x";
				CLANG_CXX_LIBRARY = "libc++";
				CLANG_ENABLE_MODULES = YES;
				CLANG_ENABLE_OBJC_ARC = YES;
				CLANG_WARN_BLOCK_CAPTURE_AUTORELEASING = YES;
				CLANG_WARN_BOOL_CONVERSION = YES;
				CLANG_WARN_COMMA = YES;
				CLANG_WARN_CONSTANT_CONVERSION = YES;
				CLANG_WARN_DIRECT_OBJC_ISA_USAGE = YES_ERROR;
				CLANG_WARN_EMPTY_BODY = YES;
				CLANG_WARN_ENUM_CONVERSION = YES;
				CLANG_WARN_INFINITE_RECURSION = YES;
				CLANG_WARN_INT_CONVERSION = YES;
				CLANG_WARN_NON_LITERAL_NULL_CONVERSION = YES;
				CLANG_WARN_OBJC_LITERAL_CONVERSION = YES;
				CLANG_WARN_OBJC_ROOT_CLASS = YES_ERROR;
				CLANG_WARN_RANGE_LOOP_ANALYSIS = YES;
				CLANG_WARN_STRICT_PROTOTYPES = YES;
				CLANG_WARN_SUSPICIOUS_MOVE = YES;
				CLANG_WARN_UNREACHABLE_CODE = YES;
				CLANG_WARN__DUPLICATE_METHOD_MATCH = YES;
				"CODE_SIGN_IDENTITY[sdk=iphoneos*]" = "iPhone Developer";
				COPY_PHASE_STRIP = NO;
				DEBUG_INFORMATION_FORMAT = "dwarf-with-dsym";
				ENABLE_NS_ASSERTIONS = NO;
				ENABLE_STRICT_OBJC_MSGSEND = YES;
				GCC_C_LANGUAGE_STANDARD = gnu99;
				GCC_NO_COMMON_BLOCKS = YES;
				GCC_WARN_64_TO_32_BIT_CONVERSION = YES;
				GCC_WARN_ABOUT_RETURN_TYPE = YES_ERROR;
				GCC_WARN_UNDECLARED_SELECTOR = YES;
				GCC_WARN_UNINITIALIZED_AUTOS = YES_AGGRESSIVE;
				GCC_WARN_UNUSED_FUNCTION = YES;
				GCC_WARN_UNUSED_VARIABLE = YES;
				IPHONEOS_DEPLOYMENT_TARGET = 9.3;
				MTL_ENABLE_DEBUG_INFO = NO;
				SDKROOT = iphoneos;
				SWIFT_OPTIMIZATION_LEVEL = "-Owholemodule";
				VALIDATE_PRODUCT = YES;
			};
			name = Release;
		};
		607FACF01AFB9204008FA782 /* Debug */ = {
			isa = XCBuildConfiguration;
			baseConfigurationReference = B9C9DA53265E05BAA5F842DF /* Pods-StarsKitAbstract-StarsKit_Example.debug.xcconfig */;
			buildSettings = {
				ASSETCATALOG_COMPILER_APPICON_NAME = AppIcon;
				ASSETCATALOG_COMPILER_LAUNCHIMAGE_NAME = LaunchImage;
				DEVELOPMENT_TEAM = R78Q854ZRC;
				INFOPLIST_FILE = StarsKit/Info.plist;
				IPHONEOS_DEPLOYMENT_TARGET = 9.0;
				LD_RUNPATH_SEARCH_PATHS = "$(inherited) @executable_path/Frameworks";
				MODULE_NAME = ExampleApp;
				PRODUCT_BUNDLE_IDENTIFIER = "org.cocoapods.demo.$(PRODUCT_NAME:rfc1034identifier)";
				PRODUCT_NAME = "$(TARGET_NAME)";
				SWIFT_SWIFT3_OBJC_INFERENCE = Default;
				SWIFT_VERSION = 4.0;
				TARGETED_DEVICE_FAMILY = "1,2";
			};
			name = Debug;
		};
		607FACF11AFB9204008FA782 /* Release */ = {
			isa = XCBuildConfiguration;
			baseConfigurationReference = 8553D2C6A6DE1EC2D7B0475F /* Pods-StarsKitAbstract-StarsKit_Example.release.xcconfig */;
			buildSettings = {
				ASSETCATALOG_COMPILER_APPICON_NAME = AppIcon;
				ASSETCATALOG_COMPILER_LAUNCHIMAGE_NAME = LaunchImage;
				DEVELOPMENT_TEAM = R78Q854ZRC;
				INFOPLIST_FILE = StarsKit/Info.plist;
				IPHONEOS_DEPLOYMENT_TARGET = 9.0;
				LD_RUNPATH_SEARCH_PATHS = "$(inherited) @executable_path/Frameworks";
				MODULE_NAME = ExampleApp;
				PRODUCT_BUNDLE_IDENTIFIER = "org.cocoapods.demo.$(PRODUCT_NAME:rfc1034identifier)";
				PRODUCT_NAME = "$(TARGET_NAME)";
				SWIFT_SWIFT3_OBJC_INFERENCE = Default;
				SWIFT_VERSION = 4.0;
				TARGETED_DEVICE_FAMILY = "1,2";
			};
			name = Release;
		};
/* End XCBuildConfiguration section */

/* Begin XCConfigurationList section */
		44CBCADF203EBD050045F777 /* Build configuration list for PBXNativeTarget "StarsKit_ExampleTests" */ = {
			isa = XCConfigurationList;
			buildConfigurations = (
				44CBCAE0203EBD050045F777 /* Debug */,
				44CBCAE1203EBD050045F777 /* Release */,
			);
			defaultConfigurationIsVisible = 0;
			defaultConfigurationName = Release;
		};
		44CBCAF7203ED4110045F777 /* Build configuration list for PBXNativeTarget "StarsKit_ExampleUITests" */ = {
			isa = XCConfigurationList;
			buildConfigurations = (
				44CBCAF8203ED4110045F777 /* Debug */,
				44CBCAF9203ED4110045F777 /* Release */,
			);
			defaultConfigurationIsVisible = 0;
			defaultConfigurationName = Release;
		};
		607FACCB1AFB9204008FA782 /* Build configuration list for PBXProject "StarsKit" */ = {
			isa = XCConfigurationList;
			buildConfigurations = (
				607FACED1AFB9204008FA782 /* Debug */,
				607FACEE1AFB9204008FA782 /* Release */,
			);
			defaultConfigurationIsVisible = 0;
			defaultConfigurationName = Release;
		};
		607FACEF1AFB9204008FA782 /* Build configuration list for PBXNativeTarget "StarsKit_Example" */ = {
			isa = XCConfigurationList;
			buildConfigurations = (
				607FACF01AFB9204008FA782 /* Debug */,
				607FACF11AFB9204008FA782 /* Release */,
			);
			defaultConfigurationIsVisible = 0;
			defaultConfigurationName = Release;
		};
/* End XCConfigurationList section */
	};
	rootObject = 607FACC81AFB9204008FA782 /* Project object */;
}
